// !$*UTF8*$!
{
	archiveVersion = 1;
	classes = {
	};
	objectVersion = 56;
	objects = {

/* Begin PBXBuildFile section */
		CEA7306229044FFB00621C4E /* AppDelegate.swift in Sources */ = {isa = PBXBuildFile; fileRef = CEA7306129044FFB00621C4E /* AppDelegate.swift */; };
		CEA7306429044FFB00621C4E /* SceneDelegate.swift in Sources */ = {isa = PBXBuildFile; fileRef = CEA7306329044FFB00621C4E /* SceneDelegate.swift */; };
		CEA7306C29044FFB00621C4E /* File_Manager.xcdatamodeld in Sources */ = {isa = PBXBuildFile; fileRef = CEA7306A29044FFB00621C4E /* File_Manager.xcdatamodeld */; };
		CEA7306E29044FFB00621C4E /* Assets.xcassets in Resources */ = {isa = PBXBuildFile; fileRef = CEA7306D29044FFB00621C4E /* Assets.xcassets */; };
		CEA7307129044FFB00621C4E /* LaunchScreen.storyboard in Resources */ = {isa = PBXBuildFile; fileRef = CEA7306F29044FFB00621C4E /* LaunchScreen.storyboard */; };
		CEA7307A290450B900621C4E /* SnapKit in Frameworks */ = {isa = PBXBuildFile; productRef = CEA73079290450B900621C4E /* SnapKit */; };
		CEA7307C2904524300621C4E /* MainViewController.swift in Sources */ = {isa = PBXBuildFile; fileRef = CEA7307B2904524300621C4E /* MainViewController.swift */; };
		CEA7307E29045D2000621C4E /* PHPicker.swift in Sources */ = {isa = PBXBuildFile; fileRef = CEA7307D29045D2000621C4E /* PHPicker.swift */; };
		CEA730802904601A00621C4E /* PhotoCollectionViewCell.swift in Sources */ = {isa = PBXBuildFile; fileRef = CEA7307F2904601A00621C4E /* PhotoCollectionViewCell.swift */; };
		CEA730822904675000621C4E /* ImagePicker.swift in Sources */ = {isa = PBXBuildFile; fileRef = CEA730812904675000621C4E /* ImagePicker.swift */; };
		CEA730842904719D00621C4E /* FileManager.swift in Sources */ = {isa = PBXBuildFile; fileRef = CEA730832904719D00621C4E /* FileManager.swift */; };
		CFBC5E52F07A308155DB7E08 /* Pods_File_Manager.framework in Frameworks */ = {isa = PBXBuildFile; fileRef = 8BF10C367AC16FBD186C5A0D /* Pods_File_Manager.framework */; };
/* End PBXBuildFile section */

/* Begin PBXFileReference section */
		503B7541DA58FF9010CF6C8E /* Pods-File Manager.debug.xcconfig */ = {isa = PBXFileReference; includeInIndex = 1; lastKnownFileType = text.xcconfig; name = "Pods-File Manager.debug.xcconfig"; path = "Target Support Files/Pods-File Manager/Pods-File Manager.debug.xcconfig"; sourceTree = "<group>"; };
		84B8C5957DE67F556000B795 /* Pods-File Manager.release.xcconfig */ = {isa = PBXFileReference; includeInIndex = 1; lastKnownFileType = text.xcconfig; name = "Pods-File Manager.release.xcconfig"; path = "Target Support Files/Pods-File Manager/Pods-File Manager.release.xcconfig"; sourceTree = "<group>"; };
		8BF10C367AC16FBD186C5A0D /* Pods_File_Manager.framework */ = {isa = PBXFileReference; explicitFileType = wrapper.framework; includeInIndex = 0; path = Pods_File_Manager.framework; sourceTree = BUILT_PRODUCTS_DIR; };
		CEA7305E29044FFB00621C4E /* File Manager.app */ = {isa = PBXFileReference; explicitFileType = wrapper.application; includeInIndex = 0; path = "File Manager.app"; sourceTree = BUILT_PRODUCTS_DIR; };
		CEA7306129044FFB00621C4E /* AppDelegate.swift */ = {isa = PBXFileReference; lastKnownFileType = sourcecode.swift; path = AppDelegate.swift; sourceTree = "<group>"; };
		CEA7306329044FFB00621C4E /* SceneDelegate.swift */ = {isa = PBXFileReference; lastKnownFileType = sourcecode.swift; path = SceneDelegate.swift; sourceTree = "<group>"; };
		CEA7306B29044FFB00621C4E /* File_Manager.xcdatamodel */ = {isa = PBXFileReference; lastKnownFileType = wrapper.xcdatamodel; path = File_Manager.xcdatamodel; sourceTree = "<group>"; };
		CEA7306D29044FFB00621C4E /* Assets.xcassets */ = {isa = PBXFileReference; lastKnownFileType = folder.assetcatalog; path = Assets.xcassets; sourceTree = "<group>"; };
		CEA7307029044FFB00621C4E /* Base */ = {isa = PBXFileReference; lastKnownFileType = file.storyboard; name = Base; path = Base.lproj/LaunchScreen.storyboard; sourceTree = "<group>"; };
		CEA7307229044FFB00621C4E /* Info.plist */ = {isa = PBXFileReference; lastKnownFileType = text.plist.xml; path = Info.plist; sourceTree = "<group>"; };
		CEA7307B2904524300621C4E /* MainViewController.swift */ = {isa = PBXFileReference; lastKnownFileType = sourcecode.swift; path = MainViewController.swift; sourceTree = "<group>"; };
		CEA7307D29045D2000621C4E /* PHPicker.swift */ = {isa = PBXFileReference; lastKnownFileType = sourcecode.swift; path = PHPicker.swift; sourceTree = "<group>"; };
		CEA7307F2904601A00621C4E /* PhotoCollectionViewCell.swift */ = {isa = PBXFileReference; lastKnownFileType = sourcecode.swift; path = PhotoCollectionViewCell.swift; sourceTree = "<group>"; };
		CEA730812904675000621C4E /* ImagePicker.swift */ = {isa = PBXFileReference; lastKnownFileType = sourcecode.swift; path = ImagePicker.swift; sourceTree = "<group>"; };
		CEA730832904719D00621C4E /* FileManager.swift */ = {isa = PBXFileReference; lastKnownFileType = sourcecode.swift; path = FileManager.swift; sourceTree = "<group>"; };
/* End PBXFileReference section */

/* Begin PBXFrameworksBuildPhase section */
		CEA7305B29044FFB00621C4E /* Frameworks */ = {
			isa = PBXFrameworksBuildPhase;
			buildActionMask = 2147483647;
			files = (
				CEA7307A290450B900621C4E /* SnapKit in Frameworks */,
				CFBC5E52F07A308155DB7E08 /* Pods_File_Manager.framework in Frameworks */,
			);
			runOnlyForDeploymentPostprocessing = 0;
		};
/* End PBXFrameworksBuildPhase section */

/* Begin PBXGroup section */
		2E9BFA9AE425F545EEC9E702 /* Frameworks */ = {
			isa = PBXGroup;
			children = (
				8BF10C367AC16FBD186C5A0D /* Pods_File_Manager.framework */,
			);
			name = Frameworks;
			sourceTree = "<group>";
		};
		49486D6C418B909CE921E3FE /* Pods */ = {
			isa = PBXGroup;
			children = (
				503B7541DA58FF9010CF6C8E /* Pods-File Manager.debug.xcconfig */,
				84B8C5957DE67F556000B795 /* Pods-File Manager.release.xcconfig */,
			);
			name = Pods;
			path = Pods;
			sourceTree = "<group>";
		};
		CEA7305529044FFB00621C4E = {
			isa = PBXGroup;
			children = (
				CEA7306029044FFB00621C4E /* File Manager */,
				CEA7305F29044FFB00621C4E /* Products */,
				49486D6C418B909CE921E3FE /* Pods */,
				2E9BFA9AE425F545EEC9E702 /* Frameworks */,
			);
			sourceTree = "<group>";
		};
		CEA7305F29044FFB00621C4E /* Products */ = {
			isa = PBXGroup;
			children = (
				CEA7305E29044FFB00621C4E /* File Manager.app */,
			);
			name = Products;
			sourceTree = "<group>";
		};
		CEA7306029044FFB00621C4E /* File Manager */ = {
			isa = PBXGroup;
			children = (
				CEA7306129044FFB00621C4E /* AppDelegate.swift */,
				CEA7306329044FFB00621C4E /* SceneDelegate.swift */,
				CEA7307B2904524300621C4E /* MainViewController.swift */,
				CEA730832904719D00621C4E /* FileManager.swift */,
				CEA7307F2904601A00621C4E /* PhotoCollectionViewCell.swift */,
				CEA7306D29044FFB00621C4E /* Assets.xcassets */,
				CEA7306F29044FFB00621C4E /* LaunchScreen.storyboard */,
				CEA7307229044FFB00621C4E /* Info.plist */,
				CEA7306A29044FFB00621C4E /* File_Manager.xcdatamodeld */,
				CEA7307D29045D2000621C4E /* PHPicker.swift */,
				CEA730812904675000621C4E /* ImagePicker.swift */,
			);
			path = "File Manager";
			sourceTree = "<group>";
		};
/* End PBXGroup section */

/* Begin PBXNativeTarget section */
		CEA7305D29044FFB00621C4E /* File Manager */ = {
			isa = PBXNativeTarget;
			buildConfigurationList = CEA7307529044FFB00621C4E /* Build configuration list for PBXNativeTarget "File Manager" */;
			buildPhases = (
				7A575751AD34EAF565686349 /* [CP] Check Pods Manifest.lock */,
				CEA7305A29044FFB00621C4E /* Sources */,
				CEA7305B29044FFB00621C4E /* Frameworks */,
				CEA7305C29044FFB00621C4E /* Resources */,
				B9AEB0F50ECC2F3ECDFA5057 /* [CP] Embed Pods Frameworks */,
			);
			buildRules = (
			);
			dependencies = (
			);
			name = "File Manager";
			packageProductDependencies = (
				CEA73079290450B900621C4E /* SnapKit */,
			);
			productName = "File Manager";
			productReference = CEA7305E29044FFB00621C4E /* File Manager.app */;
			productType = "com.apple.product-type.application";
		};
/* End PBXNativeTarget section */

/* Begin PBXProject section */
		CEA7305629044FFB00621C4E /* Project object */ = {
			isa = PBXProject;
			attributes = {
				BuildIndependentTargetsInParallel = 1;
				LastSwiftUpdateCheck = 1400;
				LastUpgradeCheck = 1400;
				TargetAttributes = {
					CEA7305D29044FFB00621C4E = {
						CreatedOnToolsVersion = 14.0.1;
					};
				};
			};
			buildConfigurationList = CEA7305929044FFB00621C4E /* Build configuration list for PBXProject "File Manager" */;
			compatibilityVersion = "Xcode 14.0";
			developmentRegion = en;
			hasScannedForEncodings = 0;
			knownRegions = (
				en,
				Base,
			);
			mainGroup = CEA7305529044FFB00621C4E;
			packageReferences = (
				CEA73078290450B900621C4E /* XCRemoteSwiftPackageReference "SnapKit.git" */,
			);
			productRefGroup = CEA7305F29044FFB00621C4E /* Products */;
			projectDirPath = "";
			projectRoot = "";
			targets = (
				CEA7305D29044FFB00621C4E /* File Manager */,
			);
		};
/* End PBXProject section */

/* Begin PBXResourcesBuildPhase section */
		CEA7305C29044FFB00621C4E /* Resources */ = {
			isa = PBXResourcesBuildPhase;
			buildActionMask = 2147483647;
			files = (
				CEA7307129044FFB00621C4E /* LaunchScreen.storyboard in Resources */,
				CEA7306E29044FFB00621C4E /* Assets.xcassets in Resources */,
			);
			runOnlyForDeploymentPostprocessing = 0;
		};
/* End PBXResourcesBuildPhase section */

/* Begin PBXShellScriptBuildPhase section */
		7A575751AD34EAF565686349 /* [CP] Check Pods Manifest.lock */ = {
			isa = PBXShellScriptBuildPhase;
			buildActionMask = 2147483647;
			files = (
			);
			inputFileListPaths = (
			);
			inputPaths = (
				"${PODS_PODFILE_DIR_PATH}/Podfile.lock",
				"${PODS_ROOT}/Manifest.lock",
			);
			name = "[CP] Check Pods Manifest.lock";
			outputFileListPaths = (
			);
			outputPaths = (
				"$(DERIVED_FILE_DIR)/Pods-File Manager-checkManifestLockResult.txt",
			);
			runOnlyForDeploymentPostprocessing = 0;
			shellPath = /bin/sh;
			shellScript = "diff \"${PODS_PODFILE_DIR_PATH}/Podfile.lock\" \"${PODS_ROOT}/Manifest.lock\" > /dev/null\nif [ $? != 0 ] ; then\n    # print error to STDERR\n    echo \"error: The sandbox is not in sync with the Podfile.lock. Run 'pod install' or update your CocoaPods installation.\" >&2\n    exit 1\nfi\n# This output is used by Xcode 'outputs' to avoid re-running this script phase.\necho \"SUCCESS\" > \"${SCRIPT_OUTPUT_FILE_0}\"\n";
			showEnvVarsInLog = 0;
		};
		B9AEB0F50ECC2F3ECDFA5057 /* [CP] Embed Pods Frameworks */ = {
			isa = PBXShellScriptBuildPhase;
			buildActionMask = 2147483647;
			files = (
			);
			inputFileListPaths = (
				"${PODS_ROOT}/Target Support Files/Pods-File Manager/Pods-File Manager-frameworks-${CONFIGURATION}-input-files.xcfilelist",
			);
			name = "[CP] Embed Pods Frameworks";
			outputFileListPaths = (
				"${PODS_ROOT}/Target Support Files/Pods-File Manager/Pods-File Manager-frameworks-${CONFIGURATION}-output-files.xcfilelist",
			);
			runOnlyForDeploymentPostprocessing = 0;
			shellPath = /bin/sh;
			shellScript = "\"${PODS_ROOT}/Target Support Files/Pods-File Manager/Pods-File Manager-frameworks.sh\"\n";
			showEnvVarsInLog = 0;
		};
/* End PBXShellScriptBuildPhase section */

/* Begin PBXSourcesBuildPhase section */
		CEA7305A29044FFB00621C4E /* Sources */ = {
			isa = PBXSourcesBuildPhase;
			buildActionMask = 2147483647;
			files = (
				CEA7306229044FFB00621C4E /* AppDelegate.swift in Sources */,
				CEA7306429044FFB00621C4E /* SceneDelegate.swift in Sources */,
				CEA7306C29044FFB00621C4E /* File_Manager.xcdatamodeld in Sources */,
				CEA730822904675000621C4E /* ImagePicker.swift in Sources */,
				CEA7307C2904524300621C4E /* MainViewController.swift in Sources */,
				CEA7307E29045D2000621C4E /* PHPicker.swift in Sources */,
				CEA730802904601A00621C4E /* PhotoCollectionViewCell.swift in Sources */,
				CEA730842904719D00621C4E /* FileManager.swift in Sources */,
			);
			runOnlyForDeploymentPostprocessing = 0;
		};
/* End PBXSourcesBuildPhase section */

/* Begin PBXVariantGroup section */
		CEA7306F29044FFB00621C4E /* LaunchScreen.storyboard */ = {
			isa = PBXVariantGroup;
			children = (
				CEA7307029044FFB00621C4E /* Base */,
			);
			name = LaunchScreen.storyboard;
			sourceTree = "<group>";
		};
/* End PBXVariantGroup section */

/* Begin XCBuildConfiguration section */
		CEA7307329044FFB00621C4E /* Debug */ = {
			isa = XCBuildConfiguration;
			buildSettings = {
				ALWAYS_SEARCH_USER_PATHS = NO;
				CLANG_ANALYZER_NONNULL = YES;
				CLANG_ANALYZER_NUMBER_OBJECT_CONVERSION = YES_AGGRESSIVE;
				CLANG_CXX_LANGUAGE_STANDARD = "gnu++20";
				CLANG_ENABLE_MODULES = YES;
				CLANG_ENABLE_OBJC_ARC = YES;
				CLANG_ENABLE_OBJC_WEAK = YES;
				CLANG_WARN_BLOCK_CAPTURE_AUTORELEASING = YES;
				CLANG_WARN_BOOL_CONVERSION = YES;
				CLANG_WARN_COMMA = YES;
				CLANG_WARN_CONSTANT_CONVERSION = YES;
				CLANG_WARN_DEPRECATED_OBJC_IMPLEMENTATIONS = YES;
				CLANG_WARN_DIRECT_OBJC_ISA_USAGE = YES_ERROR;
				CLANG_WARN_DOCUMENTATION_COMMENTS = YES;
				CLANG_WARN_EMPTY_BODY = YES;
				CLANG_WARN_ENUM_CONVERSION = YES;
				CLANG_WARN_INFINITE_RECURSION = YES;
				CLANG_WARN_INT_CONVERSION = YES;
				CLANG_WARN_NON_LITERAL_NULL_CONVERSION = YES;
				CLANG_WARN_OBJC_IMPLICIT_RETAIN_SELF = YES;
				CLANG_WARN_OBJC_LITERAL_CONVERSION = YES;
				CLANG_WARN_OBJC_ROOT_CLASS = YES_ERROR;
				CLANG_WARN_QUOTED_INCLUDE_IN_FRAMEWORK_HEADER = YES;
				CLANG_WARN_RANGE_LOOP_ANALYSIS = YES;
				CLANG_WARN_STRICT_PROTOTYPES = YES;
				CLANG_WARN_SUSPICIOUS_MOVE = YES;
				CLANG_WARN_UNGUARDED_AVAILABILITY = YES_AGGRESSIVE;
				CLANG_WARN_UNREACHABLE_CODE = YES;
				CLANG_WARN__DUPLICATE_METHOD_MATCH = YES;
				COPY_PHASE_STRIP = NO;
				DEBUG_INFORMATION_FORMAT = dwarf;
				ENABLE_STRICT_OBJC_MSGSEND = YES;
				ENABLE_TESTABILITY = YES;
				GCC_C_LANGUAGE_STANDARD = gnu11;
				GCC_DYNAMIC_NO_PIC = NO;
				GCC_NO_COMMON_BLOCKS = YES;
				GCC_OPTIMIZATION_LEVEL = 0;
				GCC_PREPROCESSOR_DEFINITIONS = (
					"DEBUG=1",
					"$(inherited)",
				);
				GCC_WARN_64_TO_32_BIT_CONVERSION = YES;
				GCC_WARN_ABOUT_RETURN_TYPE = YES_ERROR;
				GCC_WARN_UNDECLARED_SELECTOR = YES;
				GCC_WARN_UNINITIALIZED_AUTOS = YES_AGGRESSIVE;
				GCC_WARN_UNUSED_FUNCTION = YES;
				GCC_WARN_UNUSED_VARIABLE = YES;
				IPHONEOS_DEPLOYMENT_TARGET = 16.0;
				MTL_ENABLE_DEBUG_INFO = INCLUDE_SOURCE;
				MTL_FAST_MATH = YES;
				ONLY_ACTIVE_ARCH = YES;
				SDKROOT = iphoneos;
				SWIFT_ACTIVE_COMPILATION_CONDITIONS = DEBUG;
				SWIFT_OPTIMIZATION_LEVEL = "-Onone";
			};
			name = Debug;
		};
		CEA7307429044FFB00621C4E /* Release */ = {
			isa = XCBuildConfiguration;
			buildSettings = {
				ALWAYS_SEARCH_USER_PATHS = NO;
				CLANG_ANALYZER_NONNULL = YES;
				CLANG_ANALYZER_NUMBER_OBJECT_CONVERSION = YES_AGGRESSIVE;
				CLANG_CXX_LANGUAGE_STANDARD = "gnu++20";
				CLANG_ENABLE_MODULES = YES;
				CLANG_ENABLE_OBJC_ARC = YES;
				CLANG_ENABLE_OBJC_WEAK = YES;
				CLANG_WARN_BLOCK_CAPTURE_AUTORELEASING = YES;
				CLANG_WARN_BOOL_CONVERSION = YES;
				CLANG_WARN_COMMA = YES;
				CLANG_WARN_CONSTANT_CONVERSION = YES;
				CLANG_WARN_DEPRECATED_OBJC_IMPLEMENTATIONS = YES;
				CLANG_WARN_DIRECT_OBJC_ISA_USAGE = YES_ERROR;
				CLANG_WARN_DOCUMENTATION_COMMENTS = YES;
				CLANG_WARN_EMPTY_BODY = YES;
				CLANG_WARN_ENUM_CONVERSION = YES;
				CLANG_WARN_INFINITE_RECURSION = YES;
				CLANG_WARN_INT_CONVERSION = YES;
				CLANG_WARN_NON_LITERAL_NULL_CONVERSION = YES;
				CLANG_WARN_OBJC_IMPLICIT_RETAIN_SELF = YES;
				CLANG_WARN_OBJC_LITERAL_CONVERSION = YES;
				CLANG_WARN_OBJC_ROOT_CLASS = YES_ERROR;
				CLANG_WARN_QUOTED_INCLUDE_IN_FRAMEWORK_HEADER = YES;
				CLANG_WARN_RANGE_LOOP_ANALYSIS = YES;
				CLANG_WARN_STRICT_PROTOTYPES = YES;
				CLANG_WARN_SUSPICIOUS_MOVE = YES;
				CLANG_WARN_UNGUARDED_AVAILABILITY = YES_AGGRESSIVE;
				CLANG_WARN_UNREACHABLE_CODE = YES;
				CLANG_WARN__DUPLICATE_METHOD_MATCH = YES;
				COPY_PHASE_STRIP = NO;
				DEBUG_INFORMATION_FORMAT = "dwarf-with-dsym";
				ENABLE_NS_ASSERTIONS = NO;
				ENABLE_STRICT_OBJC_MSGSEND = YES;
				GCC_C_LANGUAGE_STANDARD = gnu11;
				GCC_NO_COMMON_BLOCKS = YES;
				GCC_WARN_64_TO_32_BIT_CONVERSION = YES;
				GCC_WARN_ABOUT_RETURN_TYPE = YES_ERROR;
				GCC_WARN_UNDECLARED_SELECTOR = YES;
				GCC_WARN_UNINITIALIZED_AUTOS = YES_AGGRESSIVE;
				GCC_WARN_UNUSED_FUNCTION = YES;
				GCC_WARN_UNUSED_VARIABLE = YES;
				IPHONEOS_DEPLOYMENT_TARGET = 16.0;
				MTL_ENABLE_DEBUG_INFO = NO;
				MTL_FAST_MATH = YES;
				SDKROOT = iphoneos;
				SWIFT_COMPILATION_MODE = wholemodule;
				SWIFT_OPTIMIZATION_LEVEL = "-O";
				VALIDATE_PRODUCT = YES;
			};
			name = Release;
		};
		CEA7307629044FFB00621C4E /* Debug */ = {
			isa = XCBuildConfiguration;
			baseConfigurationReference = 503B7541DA58FF9010CF6C8E /* Pods-File Manager.debug.xcconfig */;
			buildSettings = {
				ASSETCATALOG_COMPILER_APPICON_NAME = AppIcon;
				ASSETCATALOG_COMPILER_GLOBAL_ACCENT_COLOR_NAME = AccentColor;
				CODE_SIGN_STYLE = Automatic;
				CURRENT_PROJECT_VERSION = 1;
				DEVELOPMENT_TEAM = TDYKKCNQAF;
				GENERATE_INFOPLIST_FILE = YES;
				INFOPLIST_FILE = "File Manager/Info.plist";
				INFOPLIST_KEY_UIApplicationSupportsIndirectInputEvents = YES;
				INFOPLIST_KEY_UILaunchStoryboardName = LaunchScreen;
				INFOPLIST_KEY_UISupportedInterfaceOrientations_iPad = "UIInterfaceOrientationPortrait UIInterfaceOrientationPortraitUpsideDown UIInterfaceOrientationLandscapeLeft UIInterfaceOrientationLandscapeRight";
				INFOPLIST_KEY_UISupportedInterfaceOrientations_iPhone = "UIInterfaceOrientationPortrait UIInterfaceOrientationLandscapeLeft UIInterfaceOrientationLandscapeRight";
				LD_RUNPATH_SEARCH_PATHS = (
					"$(inherited)",
					"@executable_path/Frameworks",
				);
				MARKETING_VERSION = 1.0;
				PRODUCT_BUNDLE_IDENTIFIER = "SimonsApps.File-Manager";
				PRODUCT_NAME = "$(TARGET_NAME)";
				SWIFT_EMIT_LOC_STRINGS = YES;
				SWIFT_VERSION = 5.0;
				TARGETED_DEVICE_FAMILY = "1,2";
			};
			name = Debug;
		};
		CEA7307729044FFB00621C4E /* Release */ = {
			isa = XCBuildConfiguration;
			baseConfigurationReference = 84B8C5957DE67F556000B795 /* Pods-File Manager.release.xcconfig */;
			buildSettings = {
				ASSETCATALOG_COMPILER_APPICON_NAME = AppIcon;
				ASSETCATALOG_COMPILER_GLOBAL_ACCENT_COLOR_NAME = AccentColor;
				CODE_SIGN_STYLE = Automatic;
				CURRENT_PROJECT_VERSION = 1;
				DEVELOPMENT_TEAM = TDYKKCNQAF;
				GENERATE_INFOPLIST_FILE = YES;
				INFOPLIST_FILE = "File Manager/Info.plist";
				INFOPLIST_KEY_UIApplicationSupportsIndirectInputEvents = YES;
				INFOPLIST_KEY_UILaunchStoryboardName = LaunchScreen;
				INFOPLIST_KEY_UISupportedInterfaceOrientations_iPad = "UIInterfaceOrientationPortrait UIInterfaceOrientationPortraitUpsideDown UIInterfaceOrientationLandscapeLeft UIInterfaceOrientationLandscapeRight";
				INFOPLIST_KEY_UISupportedInterfaceOrientations_iPhone = "UIInterfaceOrientationPortrait UIInterfaceOrientationLandscapeLeft UIInterfaceOrientationLandscapeRight";
				LD_RUNPATH_SEARCH_PATHS = (
					"$(inherited)",
					"@executable_path/Frameworks",
				);
				MARKETING_VERSION = 1.0;
				PRODUCT_BUNDLE_IDENTIFIER = "SimonsApps.File-Manager";
				PRODUCT_NAME = "$(TARGET_NAME)";
				SWIFT_EMIT_LOC_STRINGS = YES;
				SWIFT_VERSION = 5.0;
				TARGETED_DEVICE_FAMILY = "1,2";
			};
			name = Release;
		};
/* End XCBuildConfiguration section */

/* Begin XCConfigurationList section */
		CEA7305929044FFB00621C4E /* Build configuration list for PBXProject "File Manager" */ = {
			isa = XCConfigurationList;
			buildConfigurations = (
				CEA7307329044FFB00621C4E /* Debug */,
				CEA7307429044FFB00621C4E /* Release */,
			);
			defaultConfigurationIsVisible = 0;
			defaultConfigurationName = Release;
		};
		CEA7307529044FFB00621C4E /* Build configuration list for PBXNativeTarget "File Manager" */ = {
			isa = XCConfigurationList;
			buildConfigurations = (
				CEA7307629044FFB00621C4E /* Debug */,
				CEA7307729044FFB00621C4E /* Release */,
			);
			defaultConfigurationIsVisible = 0;
			defaultConfigurationName = Release;
		};
/* End XCConfigurationList section */

/* Begin XCRemoteSwiftPackageReference section */
		CEA73078290450B900621C4E /* XCRemoteSwiftPackageReference "SnapKit.git" */ = {
			isa = XCRemoteSwiftPackageReference;
			repositoryURL = "https://github.com/SnapKit/SnapKit.git";
			requirement = {
				kind = upToNextMinorVersion;
				minimumVersion = 5.6.0;
			};
		};
/* End XCRemoteSwiftPackageReference section */

/* Begin XCSwiftPackageProductDependency section */
		CEA73079290450B900621C4E /* SnapKit */ = {
			isa = XCSwiftPackageProductDependency;
			package = CEA73078290450B900621C4E /* XCRemoteSwiftPackageReference "SnapKit.git" */;
			productName = SnapKit;
		};
/* End XCSwiftPackageProductDependency section */

/* Begin XCVersionGroup section */
		CEA7306A29044FFB00621C4E /* File_Manager.xcdatamodeld */ = {
			isa = XCVersionGroup;
			children = (
				CEA7306B29044FFB00621C4E /* File_Manager.xcdatamodel */,
			);
			currentVersion = CEA7306B29044FFB00621C4E /* File_Manager.xcdatamodel */;
			path = File_Manager.xcdatamodeld;
			sourceTree = "<group>";
			versionGroupType = wrapper.xcdatamodel;
		};
/* End XCVersionGroup section */
	};
	rootObject = CEA7305629044FFB00621C4E /* Project object */;
}
